
Microsoft Visual Studio Solution File, Format Version 12.00
# Visual Studio Version 17
VisualStudioVersion = 17.11.35312.102
MinimumVisualStudioVersion = 10.0.40219.1
Project("{FAE04EC0-301F-11D3-BF4B-00C04F79EFBC}") = "DocUploader", "DocUploader.csproj", "{49950DBD-9EEF-4ADC-ABCF-F4E770B55E64}"
EndProject
Global
	GlobalSection(SolutionConfigurationPlatforms) = preSolution
		Debug|Any CPU = Debug|Any CPU
		Release|Any CPU = Release|Any CPU
	EndGlobalSection
	GlobalSection(ProjectConfigurationPlatforms) = postSolution
		{49950DBD-9EEF-4ADC-ABCF-F4E770B55E64}.Debug|Any CPU.ActiveCfg = Debug|Any CPU
		{49950DBD-9EEF-4ADC-ABCF-F4E770B55E64}.Debug|Any CPU.Build.0 = Debug|Any CPU
		{49950DBD-9EEF-4ADC-ABCF-F4E770B55E64}.Release|Any CPU.ActiveCfg = Release|Any CPU
		{49950DBD-9EEF-4ADC-ABCF-F4E770B55E64}.Release|Any CPU.Build.0 = Release|Any CPU
	EndGlobalSection
	GlobalSection(SolutionProperties) = preSolution
		HideSolutionNode = FALSE
	EndGlobalSection
	GlobalSection(ExtensibilityGlobals) = postSolution
		SolutionGuid = {93D27C29-85CE-48ED-B193-DF5FBE46C12F}
	EndGlobalSection
EndGlobal
